// !$*UTF8*$!
{
	archiveVersion = 1;
	classes = {
	};
	objectVersion = 56;
	objects = {

/* Begin PBXBuildFile section */
		8917E7F12BD53766009594E4 /* Logging in Frameworks */ = {isa = PBXBuildFile; productRef = 8917E7F02BD53766009594E4 /* Logging */; };
		892DF7E02BD6F357005D6030 /* URLRequest+Extension.swift in Sources */ = {isa = PBXBuildFile; fileRef = 892DF7DF2BD6F357005D6030 /* URLRequest+Extension.swift */; };
		892DF7E22BD6F40C005D6030 /* StarWarsApi.swift in Sources */ = {isa = PBXBuildFile; fileRef = 892DF7E12BD6F40C005D6030 /* StarWarsApi.swift */; };
		892DF7E42BD6F41E005D6030 /* DataProvider.swift in Sources */ = {isa = PBXBuildFile; fileRef = 892DF7E32BD6F41E005D6030 /* DataProvider.swift */; };
		892DF7E62BD6F424005D6030 /* RemoteDataProvider.swift in Sources */ = {isa = PBXBuildFile; fileRef = 892DF7E52BD6F424005D6030 /* RemoteDataProvider.swift */; };
		892DF7E82BD6F42F005D6030 /* DemoDataProvider.swift in Sources */ = {isa = PBXBuildFile; fileRef = 892DF7E72BD6F42F005D6030 /* DemoDataProvider.swift */; };
		895394772BD52BE400C522C7 /* StarWarsApp.swift in Sources */ = {isa = PBXBuildFile; fileRef = 895394762BD52BE400C522C7 /* StarWarsApp.swift */; };
		895394792BD52BE400C522C7 /* ContentView.swift in Sources */ = {isa = PBXBuildFile; fileRef = 895394782BD52BE400C522C7 /* ContentView.swift */; };
		8953947B2BD52BE500C522C7 /* Assets.xcassets in Resources */ = {isa = PBXBuildFile; fileRef = 8953947A2BD52BE500C522C7 /* Assets.xcassets */; };
		8953947E2BD52BE500C522C7 /* Preview Assets.xcassets in Resources */ = {isa = PBXBuildFile; fileRef = 8953947D2BD52BE500C522C7 /* Preview Assets.xcassets */; };
		895394802BD52BE500C522C7 /* Persistence.swift in Sources */ = {isa = PBXBuildFile; fileRef = 8953947F2BD52BE500C522C7 /* Persistence.swift */; };
		895394832BD52BE500C522C7 /* StarWarsApp.xcdatamodeld in Sources */ = {isa = PBXBuildFile; fileRef = 895394812BD52BE500C522C7 /* StarWarsApp.xcdatamodeld */; };
		8953948D2BD52BE500C522C7 /* StarWarsAppTests.swift in Sources */ = {isa = PBXBuildFile; fileRef = 8953948C2BD52BE500C522C7 /* StarWarsAppTests.swift */; };
		895394972BD52BE500C522C7 /* StarWarsAppUITests.swift in Sources */ = {isa = PBXBuildFile; fileRef = 895394962BD52BE500C522C7 /* StarWarsAppUITests.swift */; };
		895394992BD52BE500C522C7 /* StarWarsAppUITestsLaunchTests.swift in Sources */ = {isa = PBXBuildFile; fileRef = 895394982BD52BE500C522C7 /* StarWarsAppUITestsLaunchTests.swift */; };
		895394B62BD5353000C522C7 /* Config.swift in Sources */ = {isa = PBXBuildFile; fileRef = 895394B52BD5353000C522C7 /* Config.swift */; };
		895394B92BD5359B00C522C7 /* Convenience.swift in Sources */ = {isa = PBXBuildFile; fileRef = 895394B82BD5359B00C522C7 /* Convenience.swift */; };
		897C217F2BD9904200925DC3 /* Planet.swift in Sources */ = {isa = PBXBuildFile; fileRef = 897C217E2BD9904200925DC3 /* Planet.swift */; };
		897C21812BD9904700925DC3 /* Person.swift in Sources */ = {isa = PBXBuildFile; fileRef = 897C21802BD9904700925DC3 /* Person.swift */; };
		897C21832BD9905100925DC3 /* PaginationWrapper.swift in Sources */ = {isa = PBXBuildFile; fileRef = 897C21822BD9905100925DC3 /* PaginationWrapper.swift */; };
		897C21852BD9909900925DC3 /* ApiError.swift in Sources */ = {isa = PBXBuildFile; fileRef = 897C21842BD9909900925DC3 /* ApiError.swift */; };
		897C21882BD9B15800925DC3 /* Planet+Extensions.swift in Sources */ = {isa = PBXBuildFile; fileRef = 897C21872BD9B15800925DC3 /* Planet+Extensions.swift */; };
		897C218A2BD9B17700925DC3 /* Person+Extensions.swift in Sources */ = {isa = PBXBuildFile; fileRef = 897C21892BD9B17700925DC3 /* Person+Extensions.swift */; };
		89BAD47F2BD6B40A00248DA2 /* Router.swift in Sources */ = {isa = PBXBuildFile; fileRef = 89BAD47E2BD6B40900248DA2 /* Router.swift */; };
		89BAD4812BD6B45000248DA2 /* StarWarsRoutes.swift in Sources */ = {isa = PBXBuildFile; fileRef = 89BAD4802BD6B45000248DA2 /* StarWarsRoutes.swift */; };
		89BAD4832BD6B48400248DA2 /* SettingsView.swift in Sources */ = {isa = PBXBuildFile; fileRef = 89BAD4822BD6B48400248DA2 /* SettingsView.swift */; };
		89BAD4852BD6B4C000248DA2 /* HomeView.swift in Sources */ = {isa = PBXBuildFile; fileRef = 89BAD4842BD6B4C000248DA2 /* HomeView.swift */; };
/* End PBXBuildFile section */

/* Begin PBXContainerItemProxy section */
		895394892BD52BE500C522C7 /* PBXContainerItemProxy */ = {
			isa = PBXContainerItemProxy;
			containerPortal = 8953946B2BD52BE400C522C7 /* Project object */;
			proxyType = 1;
			remoteGlobalIDString = 895394722BD52BE400C522C7;
			remoteInfo = StarWarsApp;
		};
		895394932BD52BE500C522C7 /* PBXContainerItemProxy */ = {
			isa = PBXContainerItemProxy;
			containerPortal = 8953946B2BD52BE400C522C7 /* Project object */;
			proxyType = 1;
			remoteGlobalIDString = 895394722BD52BE400C522C7;
			remoteInfo = StarWarsApp;
		};
/* End PBXContainerItemProxy section */

/* Begin PBXFileReference section */
		8917E7EE2BD53697009594E4 /* Info.plist */ = {isa = PBXFileReference; lastKnownFileType = text.plist; path = Info.plist; sourceTree = "<group>"; };
		892DF7DF2BD6F357005D6030 /* URLRequest+Extension.swift */ = {isa = PBXFileReference; lastKnownFileType = sourcecode.swift; path = "URLRequest+Extension.swift"; sourceTree = "<group>"; };
		892DF7E12BD6F40C005D6030 /* StarWarsApi.swift */ = {isa = PBXFileReference; lastKnownFileType = sourcecode.swift; path = StarWarsApi.swift; sourceTree = "<group>"; };
		892DF7E32BD6F41E005D6030 /* DataProvider.swift */ = {isa = PBXFileReference; lastKnownFileType = sourcecode.swift; path = DataProvider.swift; sourceTree = "<group>"; };
		892DF7E52BD6F424005D6030 /* RemoteDataProvider.swift */ = {isa = PBXFileReference; lastKnownFileType = sourcecode.swift; path = RemoteDataProvider.swift; sourceTree = "<group>"; };
		892DF7E72BD6F42F005D6030 /* DemoDataProvider.swift */ = {isa = PBXFileReference; lastKnownFileType = sourcecode.swift; path = DemoDataProvider.swift; sourceTree = "<group>"; };
		895394732BD52BE400C522C7 /* Star Wars App.app */ = {isa = PBXFileReference; explicitFileType = wrapper.application; includeInIndex = 0; path = "Star Wars App.app"; sourceTree = BUILT_PRODUCTS_DIR; };
		895394762BD52BE400C522C7 /* StarWarsApp.swift */ = {isa = PBXFileReference; lastKnownFileType = sourcecode.swift; path = StarWarsApp.swift; sourceTree = "<group>"; };
		895394782BD52BE400C522C7 /* ContentView.swift */ = {isa = PBXFileReference; lastKnownFileType = sourcecode.swift; path = ContentView.swift; sourceTree = "<group>"; };
		8953947A2BD52BE500C522C7 /* Assets.xcassets */ = {isa = PBXFileReference; lastKnownFileType = folder.assetcatalog; path = Assets.xcassets; sourceTree = "<group>"; };
		8953947D2BD52BE500C522C7 /* Preview Assets.xcassets */ = {isa = PBXFileReference; lastKnownFileType = folder.assetcatalog; path = "Preview Assets.xcassets"; sourceTree = "<group>"; };
		8953947F2BD52BE500C522C7 /* Persistence.swift */ = {isa = PBXFileReference; lastKnownFileType = sourcecode.swift; path = Persistence.swift; sourceTree = "<group>"; };
		895394822BD52BE500C522C7 /* StarWarsApp.xcdatamodel */ = {isa = PBXFileReference; lastKnownFileType = wrapper.xcdatamodel; path = StarWarsApp.xcdatamodel; sourceTree = "<group>"; };
		895394882BD52BE500C522C7 /* StarWarsAppTests.xctest */ = {isa = PBXFileReference; explicitFileType = wrapper.cfbundle; includeInIndex = 0; path = StarWarsAppTests.xctest; sourceTree = BUILT_PRODUCTS_DIR; };
		8953948C2BD52BE500C522C7 /* StarWarsAppTests.swift */ = {isa = PBXFileReference; lastKnownFileType = sourcecode.swift; path = StarWarsAppTests.swift; sourceTree = "<group>"; };
		895394922BD52BE500C522C7 /* StarWarsAppUITests.xctest */ = {isa = PBXFileReference; explicitFileType = wrapper.cfbundle; includeInIndex = 0; path = StarWarsAppUITests.xctest; sourceTree = BUILT_PRODUCTS_DIR; };
		895394962BD52BE500C522C7 /* StarWarsAppUITests.swift */ = {isa = PBXFileReference; lastKnownFileType = sourcecode.swift; path = StarWarsAppUITests.swift; sourceTree = "<group>"; };
		895394982BD52BE500C522C7 /* StarWarsAppUITestsLaunchTests.swift */ = {isa = PBXFileReference; lastKnownFileType = sourcecode.swift; path = StarWarsAppUITestsLaunchTests.swift; sourceTree = "<group>"; };
		895394A62BD52C3F00C522C7 /* Base.xcconfig */ = {isa = PBXFileReference; lastKnownFileType = text.xcconfig; path = Base.xcconfig; sourceTree = "<group>"; };
		895394A72BD52C4A00C522C7 /* Dev.xcconfig */ = {isa = PBXFileReference; lastKnownFileType = text.xcconfig; path = Dev.xcconfig; sourceTree = "<group>"; };
		895394A82BD52C5500C522C7 /* Prod.xcconfig */ = {isa = PBXFileReference; lastKnownFileType = text.xcconfig; path = Prod.xcconfig; sourceTree = "<group>"; };
		895394B52BD5353000C522C7 /* Config.swift */ = {isa = PBXFileReference; lastKnownFileType = sourcecode.swift; path = Config.swift; sourceTree = "<group>"; };
		895394B82BD5359B00C522C7 /* Convenience.swift */ = {isa = PBXFileReference; lastKnownFileType = sourcecode.swift; path = Convenience.swift; sourceTree = "<group>"; };
		897C217E2BD9904200925DC3 /* Planet.swift */ = {isa = PBXFileReference; lastKnownFileType = sourcecode.swift; path = Planet.swift; sourceTree = "<group>"; };
		897C21802BD9904700925DC3 /* Person.swift */ = {isa = PBXFileReference; lastKnownFileType = sourcecode.swift; path = Person.swift; sourceTree = "<group>"; };
		897C21822BD9905100925DC3 /* PaginationWrapper.swift */ = {isa = PBXFileReference; lastKnownFileType = sourcecode.swift; path = PaginationWrapper.swift; sourceTree = "<group>"; };
		897C21842BD9909900925DC3 /* ApiError.swift */ = {isa = PBXFileReference; lastKnownFileType = sourcecode.swift; path = ApiError.swift; sourceTree = "<group>"; };
		897C21872BD9B15800925DC3 /* Planet+Extensions.swift */ = {isa = PBXFileReference; lastKnownFileType = sourcecode.swift; path = "Planet+Extensions.swift"; sourceTree = "<group>"; };
		897C21892BD9B17700925DC3 /* Person+Extensions.swift */ = {isa = PBXFileReference; lastKnownFileType = sourcecode.swift; path = "Person+Extensions.swift"; sourceTree = "<group>"; };
		89BAD47E2BD6B40900248DA2 /* Router.swift */ = {isa = PBXFileReference; lastKnownFileType = sourcecode.swift; path = Router.swift; sourceTree = "<group>"; };
		89BAD4802BD6B45000248DA2 /* StarWarsRoutes.swift */ = {isa = PBXFileReference; lastKnownFileType = sourcecode.swift; path = StarWarsRoutes.swift; sourceTree = "<group>"; };
		89BAD4822BD6B48400248DA2 /* SettingsView.swift */ = {isa = PBXFileReference; lastKnownFileType = sourcecode.swift; path = SettingsView.swift; sourceTree = "<group>"; };
		89BAD4842BD6B4C000248DA2 /* HomeView.swift */ = {isa = PBXFileReference; lastKnownFileType = sourcecode.swift; path = HomeView.swift; sourceTree = "<group>"; };
/* End PBXFileReference section */

/* Begin PBXFrameworksBuildPhase section */
		895394702BD52BE400C522C7 /* Frameworks */ = {
			isa = PBXFrameworksBuildPhase;
			buildActionMask = 2147483647;
			files = (
				8917E7F12BD53766009594E4 /* Logging in Frameworks */,
			);
			runOnlyForDeploymentPostprocessing = 0;
		};
		895394852BD52BE500C522C7 /* Frameworks */ = {
			isa = PBXFrameworksBuildPhase;
			buildActionMask = 2147483647;
			files = (
			);
			runOnlyForDeploymentPostprocessing = 0;
		};
		8953948F2BD52BE500C522C7 /* Frameworks */ = {
			isa = PBXFrameworksBuildPhase;
			buildActionMask = 2147483647;
			files = (
			);
			runOnlyForDeploymentPostprocessing = 0;
		};
/* End PBXFrameworksBuildPhase section */

/* Begin PBXGroup section */
		8917E7EF2BD53766009594E4 /* Frameworks */ = {
			isa = PBXGroup;
			children = (
			);
			name = Frameworks;
			sourceTree = "<group>";
		};
		8953946A2BD52BE400C522C7 = {
			isa = PBXGroup;
			children = (
				895394A52BD52C3200C522C7 /* Config */,
				895394752BD52BE400C522C7 /* StarWarsApp */,
				8953948B2BD52BE500C522C7 /* StarWarsAppTests */,
				895394952BD52BE500C522C7 /* StarWarsAppUITests */,
				895394742BD52BE400C522C7 /* Products */,
				8917E7EF2BD53766009594E4 /* Frameworks */,
			);
			sourceTree = "<group>";
		};
		895394742BD52BE400C522C7 /* Products */ = {
			isa = PBXGroup;
			children = (
				895394732BD52BE400C522C7 /* Star Wars App.app */,
				895394882BD52BE500C522C7 /* StarWarsAppTests.xctest */,
				895394922BD52BE500C522C7 /* StarWarsAppUITests.xctest */,
			);
			name = Products;
			sourceTree = "<group>";
		};
		895394752BD52BE400C522C7 /* StarWarsApp */ = {
			isa = PBXGroup;
			children = (
				8917E7EE2BD53697009594E4 /* Info.plist */,
				897C21862BD9B14700925DC3 /* CoreData */,
				89BAD47D2BD6B3FD00248DA2 /* Router */,
				895394B42BD5352500C522C7 /* Helper */,
				89BAD4862BD6B52C00248DA2 /* Services */,
				895394B22BD534DE00C522C7 /* Views */,
				895394762BD52BE400C522C7 /* StarWarsApp.swift */,
				8953947A2BD52BE500C522C7 /* Assets.xcassets */,
				8953947F2BD52BE500C522C7 /* Persistence.swift */,
				8953947C2BD52BE500C522C7 /* Preview Content */,
			);
			path = StarWarsApp;
			sourceTree = "<group>";
		};
		8953947C2BD52BE500C522C7 /* Preview Content */ = {
			isa = PBXGroup;
			children = (
				8953947D2BD52BE500C522C7 /* Preview Assets.xcassets */,
			);
			path = "Preview Content";
			sourceTree = "<group>";
		};
		8953948B2BD52BE500C522C7 /* StarWarsAppTests */ = {
			isa = PBXGroup;
			children = (
				8953948C2BD52BE500C522C7 /* StarWarsAppTests.swift */,
			);
			path = StarWarsAppTests;
			sourceTree = "<group>";
		};
		895394952BD52BE500C522C7 /* StarWarsAppUITests */ = {
			isa = PBXGroup;
			children = (
				895394962BD52BE500C522C7 /* StarWarsAppUITests.swift */,
				895394982BD52BE500C522C7 /* StarWarsAppUITestsLaunchTests.swift */,
			);
			path = StarWarsAppUITests;
			sourceTree = "<group>";
		};
		895394A52BD52C3200C522C7 /* Config */ = {
			isa = PBXGroup;
			children = (
				895394A62BD52C3F00C522C7 /* Base.xcconfig */,
				895394A72BD52C4A00C522C7 /* Dev.xcconfig */,
				895394A82BD52C5500C522C7 /* Prod.xcconfig */,
			);
			path = Config;
			sourceTree = "<group>";
		};
		895394B22BD534DE00C522C7 /* Views */ = {
			isa = PBXGroup;
			children = (
				895394782BD52BE400C522C7 /* ContentView.swift */,
				89BAD4822BD6B48400248DA2 /* SettingsView.swift */,
				89BAD4842BD6B4C000248DA2 /* HomeView.swift */,
			);
			path = Views;
			sourceTree = "<group>";
		};
		895394B42BD5352500C522C7 /* Helper */ = {
			isa = PBXGroup;
			children = (
				895394B52BD5353000C522C7 /* Config.swift */,
				895394B82BD5359B00C522C7 /* Convenience.swift */,
				892DF7DF2BD6F357005D6030 /* URLRequest+Extension.swift */,
			);
			path = Helper;
			sourceTree = "<group>";
		};
		897C217D2BD9903600925DC3 /* ApiModels */ = {
			isa = PBXGroup;
			children = (
				897C21802BD9904700925DC3 /* Person.swift */,
				897C217E2BD9904200925DC3 /* Planet.swift */,
				897C21822BD9905100925DC3 /* PaginationWrapper.swift */,
				897C21842BD9909900925DC3 /* ApiError.swift */,
			);
			path = ApiModels;
			sourceTree = "<group>";
		};
		897C21862BD9B14700925DC3 /* CoreData */ = {
			isa = PBXGroup;
			children = (
				895394812BD52BE500C522C7 /* StarWarsApp.xcdatamodeld */,
				897C21872BD9B15800925DC3 /* Planet+Extensions.swift */,
				897C21892BD9B17700925DC3 /* Person+Extensions.swift */,
			);
			path = CoreData;
			sourceTree = "<group>";
		};
		89BAD47D2BD6B3FD00248DA2 /* Router */ = {
			isa = PBXGroup;
			children = (
				89BAD47E2BD6B40900248DA2 /* Router.swift */,
				89BAD4802BD6B45000248DA2 /* StarWarsRoutes.swift */,
			);
			path = Router;
			sourceTree = "<group>";
		};
		89BAD4862BD6B52C00248DA2 /* Services */ = {
			isa = PBXGroup;
			children = (
				897C217D2BD9903600925DC3 /* ApiModels */,
				892DF7E12BD6F40C005D6030 /* StarWarsApi.swift */,
				892DF7E32BD6F41E005D6030 /* DataProvider.swift */,
				892DF7E52BD6F424005D6030 /* RemoteDataProvider.swift */,
				892DF7E72BD6F42F005D6030 /* DemoDataProvider.swift */,
			);
			path = Services;
			sourceTree = "<group>";
		};
/* End PBXGroup section */

/* Begin PBXNativeTarget section */
		895394722BD52BE400C522C7 /* StarWarsApp */ = {
			isa = PBXNativeTarget;
			buildConfigurationList = 8953949C2BD52BE500C522C7 /* Build configuration list for PBXNativeTarget "StarWarsApp" */;
			buildPhases = (
				8953946F2BD52BE400C522C7 /* Sources */,
				895394702BD52BE400C522C7 /* Frameworks */,
				895394712BD52BE400C522C7 /* Resources */,
				895394B12BD531BA00C522C7 /* Swiftlint */,
			);
			buildRules = (
			);
			dependencies = (
			);
			name = StarWarsApp;
			packageProductDependencies = (
				8917E7F02BD53766009594E4 /* Logging */,
			);
			productName = StarWarsApp;
			productReference = 895394732BD52BE400C522C7 /* Star Wars App.app */;
			productType = "com.apple.product-type.application";
		};
		895394872BD52BE500C522C7 /* StarWarsAppTests */ = {
			isa = PBXNativeTarget;
			buildConfigurationList = 8953949F2BD52BE500C522C7 /* Build configuration list for PBXNativeTarget "StarWarsAppTests" */;
			buildPhases = (
				895394842BD52BE500C522C7 /* Sources */,
				895394852BD52BE500C522C7 /* Frameworks */,
				895394862BD52BE500C522C7 /* Resources */,
			);
			buildRules = (
			);
			dependencies = (
				8953948A2BD52BE500C522C7 /* PBXTargetDependency */,
			);
			name = StarWarsAppTests;
			productName = StarWarsAppTests;
			productReference = 895394882BD52BE500C522C7 /* StarWarsAppTests.xctest */;
			productType = "com.apple.product-type.bundle.unit-test";
		};
		895394912BD52BE500C522C7 /* StarWarsAppUITests */ = {
			isa = PBXNativeTarget;
			buildConfigurationList = 895394A22BD52BE500C522C7 /* Build configuration list for PBXNativeTarget "StarWarsAppUITests" */;
			buildPhases = (
				8953948E2BD52BE500C522C7 /* Sources */,
				8953948F2BD52BE500C522C7 /* Frameworks */,
				895394902BD52BE500C522C7 /* Resources */,
			);
			buildRules = (
			);
			dependencies = (
				895394942BD52BE500C522C7 /* PBXTargetDependency */,
			);
			name = StarWarsAppUITests;
			productName = StarWarsAppUITests;
			productReference = 895394922BD52BE500C522C7 /* StarWarsAppUITests.xctest */;
			productType = "com.apple.product-type.bundle.ui-testing";
		};
/* End PBXNativeTarget section */

/* Begin PBXProject section */
		8953946B2BD52BE400C522C7 /* Project object */ = {
			isa = PBXProject;
			attributes = {
				BuildIndependentTargetsInParallel = 1;
				LastSwiftUpdateCheck = 1530;
				LastUpgradeCheck = 1530;
				TargetAttributes = {
					895394722BD52BE400C522C7 = {
						CreatedOnToolsVersion = 15.3;
					};
					895394872BD52BE500C522C7 = {
						CreatedOnToolsVersion = 15.3;
						TestTargetID = 895394722BD52BE400C522C7;
					};
					895394912BD52BE500C522C7 = {
						CreatedOnToolsVersion = 15.3;
						TestTargetID = 895394722BD52BE400C522C7;
					};
				};
			};
			buildConfigurationList = 8953946E2BD52BE400C522C7 /* Build configuration list for PBXProject "StarWarsApp" */;
			compatibilityVersion = "Xcode 14.0";
			developmentRegion = en;
			hasScannedForEncodings = 0;
			knownRegions = (
				en,
				Base,
			);
			mainGroup = 8953946A2BD52BE400C522C7;
			packageReferences = (
				895394B72BD5358D00C522C7 /* XCRemoteSwiftPackageReference "swift-log" */,
			);
			productRefGroup = 895394742BD52BE400C522C7 /* Products */;
			projectDirPath = "";
			projectRoot = "";
			targets = (
				895394722BD52BE400C522C7 /* StarWarsApp */,
				895394872BD52BE500C522C7 /* StarWarsAppTests */,
				895394912BD52BE500C522C7 /* StarWarsAppUITests */,
			);
		};
/* End PBXProject section */

/* Begin PBXResourcesBuildPhase section */
		895394712BD52BE400C522C7 /* Resources */ = {
			isa = PBXResourcesBuildPhase;
			buildActionMask = 2147483647;
			files = (
				8953947E2BD52BE500C522C7 /* Preview Assets.xcassets in Resources */,
				8953947B2BD52BE500C522C7 /* Assets.xcassets in Resources */,
			);
			runOnlyForDeploymentPostprocessing = 0;
		};
		895394862BD52BE500C522C7 /* Resources */ = {
			isa = PBXResourcesBuildPhase;
			buildActionMask = 2147483647;
			files = (
			);
			runOnlyForDeploymentPostprocessing = 0;
		};
		895394902BD52BE500C522C7 /* Resources */ = {
			isa = PBXResourcesBuildPhase;
			buildActionMask = 2147483647;
			files = (
			);
			runOnlyForDeploymentPostprocessing = 0;
		};
/* End PBXResourcesBuildPhase section */

/* Begin PBXShellScriptBuildPhase section */
		895394B12BD531BA00C522C7 /* Swiftlint */ = {
			isa = PBXShellScriptBuildPhase;
			alwaysOutOfDate = 1;
			buildActionMask = 2147483647;
			files = (
			);
			inputFileListPaths = (
			);
			inputPaths = (
			);
			name = Swiftlint;
			outputFileListPaths = (
			);
			outputPaths = (
			);
			runOnlyForDeploymentPostprocessing = 0;
			shellPath = /bin/sh;
			shellScript = "if [[ \"$(uname -m)\" == arm64 ]]; then\n    export PATH=\"/opt/homebrew/bin:$PATH\"\nfi\n\nif which swiftlint >/dev/null; then\n  if [ \"$(swiftlint version)\" != \"0.53.0\" ]; then\n     echo \"warning: SwiftLint Version mismatch, check for a SwiftLint update or else update this run script\"\n  fi\n  swiftlint\nelse\n  echo \"warning: SwiftLint not installed, download from https://github.com/realm/SwiftLint\"\nfi\n";
		};
/* End PBXShellScriptBuildPhase section */

/* Begin PBXSourcesBuildPhase section */
		8953946F2BD52BE400C522C7 /* Sources */ = {
			isa = PBXSourcesBuildPhase;
			buildActionMask = 2147483647;
			files = (
				89BAD4812BD6B45000248DA2 /* StarWarsRoutes.swift in Sources */,
				895394832BD52BE500C522C7 /* StarWarsApp.xcdatamodeld in Sources */,
				895394B92BD5359B00C522C7 /* Convenience.swift in Sources */,
				89BAD4852BD6B4C000248DA2 /* HomeView.swift in Sources */,
				892DF7E62BD6F424005D6030 /* RemoteDataProvider.swift in Sources */,
				89BAD4832BD6B48400248DA2 /* SettingsView.swift in Sources */,
				897C21812BD9904700925DC3 /* Person.swift in Sources */,
				895394802BD52BE500C522C7 /* Persistence.swift in Sources */,
				89BAD47F2BD6B40A00248DA2 /* Router.swift in Sources */,
				895394B62BD5353000C522C7 /* Config.swift in Sources */,
				897C217F2BD9904200925DC3 /* Planet.swift in Sources */,
				897C21882BD9B15800925DC3 /* Planet+Extensions.swift in Sources */,
				895394792BD52BE400C522C7 /* ContentView.swift in Sources */,
				892DF7E22BD6F40C005D6030 /* StarWarsApi.swift in Sources */,
				897C21852BD9909900925DC3 /* ApiError.swift in Sources */,
				892DF7E02BD6F357005D6030 /* URLRequest+Extension.swift in Sources */,
				895394772BD52BE400C522C7 /* StarWarsApp.swift in Sources */,
				892DF7E82BD6F42F005D6030 /* DemoDataProvider.swift in Sources */,
				897C21832BD9905100925DC3 /* PaginationWrapper.swift in Sources */,
				892DF7E42BD6F41E005D6030 /* DataProvider.swift in Sources */,
				897C218A2BD9B17700925DC3 /* Person+Extensions.swift in Sources */,
			);
			runOnlyForDeploymentPostprocessing = 0;
		};
		895394842BD52BE500C522C7 /* Sources */ = {
			isa = PBXSourcesBuildPhase;
			buildActionMask = 2147483647;
			files = (
				8953948D2BD52BE500C522C7 /* StarWarsAppTests.swift in Sources */,
			);
			runOnlyForDeploymentPostprocessing = 0;
		};
		8953948E2BD52BE500C522C7 /* Sources */ = {
			isa = PBXSourcesBuildPhase;
			buildActionMask = 2147483647;
			files = (
				895394972BD52BE500C522C7 /* StarWarsAppUITests.swift in Sources */,
				895394992BD52BE500C522C7 /* StarWarsAppUITestsLaunchTests.swift in Sources */,
			);
			runOnlyForDeploymentPostprocessing = 0;
		};
/* End PBXSourcesBuildPhase section */

/* Begin PBXTargetDependency section */
		8953948A2BD52BE500C522C7 /* PBXTargetDependency */ = {
			isa = PBXTargetDependency;
			target = 895394722BD52BE400C522C7 /* StarWarsApp */;
			targetProxy = 895394892BD52BE500C522C7 /* PBXContainerItemProxy */;
		};
		895394942BD52BE500C522C7 /* PBXTargetDependency */ = {
			isa = PBXTargetDependency;
			target = 895394722BD52BE400C522C7 /* StarWarsApp */;
			targetProxy = 895394932BD52BE500C522C7 /* PBXContainerItemProxy */;
		};
/* End PBXTargetDependency section */

/* Begin XCBuildConfiguration section */
		8953949A2BD52BE500C522C7 /* Debug Dev */ = {
			isa = XCBuildConfiguration;
			baseConfigurationReference = 895394A72BD52C4A00C522C7 /* Dev.xcconfig */;
			buildSettings = {
				ALWAYS_SEARCH_USER_PATHS = NO;
				ASSETCATALOG_COMPILER_GENERATE_SWIFT_ASSET_SYMBOL_EXTENSIONS = YES;
				CLANG_ANALYZER_NONNULL = YES;
				CLANG_ANALYZER_NUMBER_OBJECT_CONVERSION = YES_AGGRESSIVE;
				CLANG_CXX_LANGUAGE_STANDARD = "gnu++20";
				CLANG_ENABLE_MODULES = YES;
				CLANG_ENABLE_OBJC_ARC = YES;
				CLANG_ENABLE_OBJC_WEAK = YES;
				CLANG_WARN_BLOCK_CAPTURE_AUTORELEASING = YES;
				CLANG_WARN_BOOL_CONVERSION = YES;
				CLANG_WARN_COMMA = YES;
				CLANG_WARN_CONSTANT_CONVERSION = YES;
				CLANG_WARN_DEPRECATED_OBJC_IMPLEMENTATIONS = YES;
				CLANG_WARN_DIRECT_OBJC_ISA_USAGE = YES_ERROR;
				CLANG_WARN_DOCUMENTATION_COMMENTS = YES;
				CLANG_WARN_EMPTY_BODY = YES;
				CLANG_WARN_ENUM_CONVERSION = YES;
				CLANG_WARN_INFINITE_RECURSION = YES;
				CLANG_WARN_INT_CONVERSION = YES;
				CLANG_WARN_NON_LITERAL_NULL_CONVERSION = YES;
				CLANG_WARN_OBJC_IMPLICIT_RETAIN_SELF = YES;
				CLANG_WARN_OBJC_LITERAL_CONVERSION = YES;
				CLANG_WARN_OBJC_ROOT_CLASS = YES_ERROR;
				CLANG_WARN_QUOTED_INCLUDE_IN_FRAMEWORK_HEADER = YES;
				CLANG_WARN_RANGE_LOOP_ANALYSIS = YES;
				CLANG_WARN_STRICT_PROTOTYPES = YES;
				CLANG_WARN_SUSPICIOUS_MOVE = YES;
				CLANG_WARN_UNGUARDED_AVAILABILITY = YES_AGGRESSIVE;
				CLANG_WARN_UNREACHABLE_CODE = YES;
				CLANG_WARN__DUPLICATE_METHOD_MATCH = YES;
				COPY_PHASE_STRIP = NO;
				DEBUG_INFORMATION_FORMAT = dwarf;
				ENABLE_STRICT_OBJC_MSGSEND = YES;
				ENABLE_TESTABILITY = YES;
				GCC_C_LANGUAGE_STANDARD = gnu17;
				GCC_DYNAMIC_NO_PIC = NO;
				GCC_NO_COMMON_BLOCKS = YES;
				GCC_OPTIMIZATION_LEVEL = 0;
				GCC_PREPROCESSOR_DEFINITIONS = (
					"DEBUG=1",
					"$(inherited)",
				);
				GCC_WARN_64_TO_32_BIT_CONVERSION = YES;
				GCC_WARN_ABOUT_RETURN_TYPE = YES_ERROR;
				GCC_WARN_UNDECLARED_SELECTOR = YES;
				GCC_WARN_UNINITIALIZED_AUTOS = YES_AGGRESSIVE;
				GCC_WARN_UNUSED_FUNCTION = YES;
				GCC_WARN_UNUSED_VARIABLE = YES;
				LOCALIZATION_PREFERS_STRING_CATALOGS = YES;
				MTL_ENABLE_DEBUG_INFO = INCLUDE_SOURCE;
				MTL_FAST_MATH = YES;
				ONLY_ACTIVE_ARCH = YES;
				SDKROOT = iphoneos;
				SWIFT_ACTIVE_COMPILATION_CONDITIONS = "DEBUG $(inherited)";
				SWIFT_OPTIMIZATION_LEVEL = "-Onone";
			};
			name = "Debug Dev";
		};
		8953949B2BD52BE500C522C7 /* Release Dev */ = {
			isa = XCBuildConfiguration;
			baseConfigurationReference = 895394A72BD52C4A00C522C7 /* Dev.xcconfig */;
			buildSettings = {
				ALWAYS_SEARCH_USER_PATHS = NO;
				ASSETCATALOG_COMPILER_GENERATE_SWIFT_ASSET_SYMBOL_EXTENSIONS = YES;
				CLANG_ANALYZER_NONNULL = YES;
				CLANG_ANALYZER_NUMBER_OBJECT_CONVERSION = YES_AGGRESSIVE;
				CLANG_CXX_LANGUAGE_STANDARD = "gnu++20";
				CLANG_ENABLE_MODULES = YES;
				CLANG_ENABLE_OBJC_ARC = YES;
				CLANG_ENABLE_OBJC_WEAK = YES;
				CLANG_WARN_BLOCK_CAPTURE_AUTORELEASING = YES;
				CLANG_WARN_BOOL_CONVERSION = YES;
				CLANG_WARN_COMMA = YES;
				CLANG_WARN_CONSTANT_CONVERSION = YES;
				CLANG_WARN_DEPRECATED_OBJC_IMPLEMENTATIONS = YES;
				CLANG_WARN_DIRECT_OBJC_ISA_USAGE = YES_ERROR;
				CLANG_WARN_DOCUMENTATION_COMMENTS = YES;
				CLANG_WARN_EMPTY_BODY = YES;
				CLANG_WARN_ENUM_CONVERSION = YES;
				CLANG_WARN_INFINITE_RECURSION = YES;
				CLANG_WARN_INT_CONVERSION = YES;
				CLANG_WARN_NON_LITERAL_NULL_CONVERSION = YES;
				CLANG_WARN_OBJC_IMPLICIT_RETAIN_SELF = YES;
				CLANG_WARN_OBJC_LITERAL_CONVERSION = YES;
				CLANG_WARN_OBJC_ROOT_CLASS = YES_ERROR;
				CLANG_WARN_QUOTED_INCLUDE_IN_FRAMEWORK_HEADER = YES;
				CLANG_WARN_RANGE_LOOP_ANALYSIS = YES;
				CLANG_WARN_STRICT_PROTOTYPES = YES;
				CLANG_WARN_SUSPICIOUS_MOVE = YES;
				CLANG_WARN_UNGUARDED_AVAILABILITY = YES_AGGRESSIVE;
				CLANG_WARN_UNREACHABLE_CODE = YES;
				CLANG_WARN__DUPLICATE_METHOD_MATCH = YES;
				COPY_PHASE_STRIP = NO;
				DEBUG_INFORMATION_FORMAT = "dwarf-with-dsym";
				ENABLE_NS_ASSERTIONS = NO;
				ENABLE_STRICT_OBJC_MSGSEND = YES;
				GCC_C_LANGUAGE_STANDARD = gnu17;
				GCC_NO_COMMON_BLOCKS = YES;
				GCC_WARN_64_TO_32_BIT_CONVERSION = YES;
				GCC_WARN_ABOUT_RETURN_TYPE = YES_ERROR;
				GCC_WARN_UNDECLARED_SELECTOR = YES;
				GCC_WARN_UNINITIALIZED_AUTOS = YES_AGGRESSIVE;
				GCC_WARN_UNUSED_FUNCTION = YES;
				GCC_WARN_UNUSED_VARIABLE = YES;
				LOCALIZATION_PREFERS_STRING_CATALOGS = YES;
				MTL_ENABLE_DEBUG_INFO = NO;
				MTL_FAST_MATH = YES;
				SDKROOT = iphoneos;
				SWIFT_COMPILATION_MODE = wholemodule;
				VALIDATE_PRODUCT = YES;
			};
			name = "Release Dev";
		};
		8953949D2BD52BE500C522C7 /* Debug Dev */ = {
			isa = XCBuildConfiguration;
			buildSettings = {
				ASSETCATALOG_COMPILER_GLOBAL_ACCENT_COLOR_NAME = AccentColor;
				CODE_SIGN_STYLE = Automatic;
				DEVELOPMENT_ASSET_PATHS = "\"StarWarsApp/Preview Content\"";
				DEVELOPMENT_TEAM = V59VWC5YAM;
				ENABLE_PREVIEWS = YES;
				GENERATE_INFOPLIST_FILE = YES;
				INFOPLIST_FILE = StarWarsApp/Info.plist;
				INFOPLIST_KEY_UIApplicationSceneManifest_Generation = YES;
				INFOPLIST_KEY_UIApplicationSupportsIndirectInputEvents = YES;
				INFOPLIST_KEY_UILaunchScreen_Generation = YES;
				INFOPLIST_KEY_UISupportedInterfaceOrientations_iPad = "UIInterfaceOrientationPortrait UIInterfaceOrientationPortraitUpsideDown UIInterfaceOrientationLandscapeLeft UIInterfaceOrientationLandscapeRight";
				INFOPLIST_KEY_UISupportedInterfaceOrientations_iPhone = "UIInterfaceOrientationPortrait UIInterfaceOrientationLandscapeLeft UIInterfaceOrientationLandscapeRight";
				LD_RUNPATH_SEARCH_PATHS = (
					"$(inherited)",
					"@executable_path/Frameworks",
				);
				SWIFT_EMIT_LOC_STRINGS = YES;
				SWIFT_VERSION = 5.0;
				TARGETED_DEVICE_FAMILY = "1,2";
			};
			name = "Debug Dev";
		};
		8953949E2BD52BE500C522C7 /* Release Dev */ = {
			isa = XCBuildConfiguration;
			buildSettings = {
				ASSETCATALOG_COMPILER_GLOBAL_ACCENT_COLOR_NAME = AccentColor;
				CODE_SIGN_STYLE = Automatic;
				DEVELOPMENT_ASSET_PATHS = "\"StarWarsApp/Preview Content\"";
				DEVELOPMENT_TEAM = V59VWC5YAM;
				ENABLE_PREVIEWS = YES;
				GENERATE_INFOPLIST_FILE = YES;
				INFOPLIST_FILE = StarWarsApp/Info.plist;
				INFOPLIST_KEY_UIApplicationSceneManifest_Generation = YES;
				INFOPLIST_KEY_UIApplicationSupportsIndirectInputEvents = YES;
				INFOPLIST_KEY_UILaunchScreen_Generation = YES;
				INFOPLIST_KEY_UISupportedInterfaceOrientations_iPad = "UIInterfaceOrientationPortrait UIInterfaceOrientationPortraitUpsideDown UIInterfaceOrientationLandscapeLeft UIInterfaceOrientationLandscapeRight";
				INFOPLIST_KEY_UISupportedInterfaceOrientations_iPhone = "UIInterfaceOrientationPortrait UIInterfaceOrientationLandscapeLeft UIInterfaceOrientationLandscapeRight";
				LD_RUNPATH_SEARCH_PATHS = (
					"$(inherited)",
					"@executable_path/Frameworks",
				);
				SWIFT_EMIT_LOC_STRINGS = YES;
				SWIFT_VERSION = 5.0;
				TARGETED_DEVICE_FAMILY = "1,2";
			};
			name = "Release Dev";
		};
		895394A02BD52BE500C522C7 /* Debug Dev */ = {
			isa = XCBuildConfiguration;
			buildSettings = {
				ALWAYS_EMBED_SWIFT_STANDARD_LIBRARIES = YES;
				BUNDLE_LOADER = "$(TEST_HOST)";
				CODE_SIGN_STYLE = Automatic;
				CURRENT_PROJECT_VERSION = 1;
				DEVELOPMENT_TEAM = V59VWC5YAM;
				GENERATE_INFOPLIST_FILE = YES;
				IPHONEOS_DEPLOYMENT_TARGET = 16.0;
				MARKETING_VERSION = 1.0;
				PRODUCT_BUNDLE_IDENTIFIER = io.deitsch.StarWarsAppTests;
				PRODUCT_NAME = "$(TARGET_NAME)";
				SWIFT_EMIT_LOC_STRINGS = NO;
				SWIFT_VERSION = 5.0;
				TARGETED_DEVICE_FAMILY = "1,2";
				TEST_HOST = "$(BUILT_PRODUCTS_DIR)/StarWarsApp.app/$(BUNDLE_EXECUTABLE_FOLDER_PATH)/StarWarsApp";
			};
			name = "Debug Dev";
		};
		895394A12BD52BE500C522C7 /* Release Dev */ = {
			isa = XCBuildConfiguration;
			buildSettings = {
				ALWAYS_EMBED_SWIFT_STANDARD_LIBRARIES = YES;
				BUNDLE_LOADER = "$(TEST_HOST)";
				CODE_SIGN_STYLE = Automatic;
				CURRENT_PROJECT_VERSION = 1;
				DEVELOPMENT_TEAM = V59VWC5YAM;
				GENERATE_INFOPLIST_FILE = YES;
				IPHONEOS_DEPLOYMENT_TARGET = 16.0;
				MARKETING_VERSION = 1.0;
				PRODUCT_BUNDLE_IDENTIFIER = io.deitsch.StarWarsAppTests;
				PRODUCT_NAME = "$(TARGET_NAME)";
				SWIFT_EMIT_LOC_STRINGS = NO;
				SWIFT_VERSION = 5.0;
				TARGETED_DEVICE_FAMILY = "1,2";
				TEST_HOST = "$(BUILT_PRODUCTS_DIR)/StarWarsApp.app/$(BUNDLE_EXECUTABLE_FOLDER_PATH)/StarWarsApp";
			};
			name = "Release Dev";
		};
		895394A32BD52BE500C522C7 /* Debug Dev */ = {
			isa = XCBuildConfiguration;
			buildSettings = {
				ALWAYS_EMBED_SWIFT_STANDARD_LIBRARIES = YES;
				CODE_SIGN_STYLE = Automatic;
				CURRENT_PROJECT_VERSION = 1;
				DEVELOPMENT_TEAM = V59VWC5YAM;
				GENERATE_INFOPLIST_FILE = YES;
				MARKETING_VERSION = 1.0;
				PRODUCT_BUNDLE_IDENTIFIER = io.deitsch.StarWarsAppUITests;
				PRODUCT_NAME = "$(TARGET_NAME)";
				SWIFT_EMIT_LOC_STRINGS = NO;
				SWIFT_VERSION = 5.0;
				TARGETED_DEVICE_FAMILY = "1,2";
				TEST_TARGET_NAME = StarWarsApp;
			};
			name = "Debug Dev";
		};
		895394A42BD52BE500C522C7 /* Release Dev */ = {
			isa = XCBuildConfiguration;
			buildSettings = {
				ALWAYS_EMBED_SWIFT_STANDARD_LIBRARIES = YES;
				CODE_SIGN_STYLE = Automatic;
				CURRENT_PROJECT_VERSION = 1;
				DEVELOPMENT_TEAM = V59VWC5YAM;
				GENERATE_INFOPLIST_FILE = YES;
				MARKETING_VERSION = 1.0;
				PRODUCT_BUNDLE_IDENTIFIER = io.deitsch.StarWarsAppUITests;
				PRODUCT_NAME = "$(TARGET_NAME)";
				SWIFT_EMIT_LOC_STRINGS = NO;
				SWIFT_VERSION = 5.0;
				TARGETED_DEVICE_FAMILY = "1,2";
				TEST_TARGET_NAME = StarWarsApp;
			};
			name = "Release Dev";
		};
		895394A92BD52F5900C522C7 /* Debug */ = {
			isa = XCBuildConfiguration;
			baseConfigurationReference = 895394A82BD52C5500C522C7 /* Prod.xcconfig */;
			buildSettings = {
				ALWAYS_SEARCH_USER_PATHS = NO;
				ASSETCATALOG_COMPILER_GENERATE_SWIFT_ASSET_SYMBOL_EXTENSIONS = YES;
				CLANG_ANALYZER_NONNULL = YES;
				CLANG_ANALYZER_NUMBER_OBJECT_CONVERSION = YES_AGGRESSIVE;
				CLANG_CXX_LANGUAGE_STANDARD = "gnu++20";
				CLANG_ENABLE_MODULES = YES;
				CLANG_ENABLE_OBJC_ARC = YES;
				CLANG_ENABLE_OBJC_WEAK = YES;
				CLANG_WARN_BLOCK_CAPTURE_AUTORELEASING = YES;
				CLANG_WARN_BOOL_CONVERSION = YES;
				CLANG_WARN_COMMA = YES;
				CLANG_WARN_CONSTANT_CONVERSION = YES;
				CLANG_WARN_DEPRECATED_OBJC_IMPLEMENTATIONS = YES;
				CLANG_WARN_DIRECT_OBJC_ISA_USAGE = YES_ERROR;
				CLANG_WARN_DOCUMENTATION_COMMENTS = YES;
				CLANG_WARN_EMPTY_BODY = YES;
				CLANG_WARN_ENUM_CONVERSION = YES;
				CLANG_WARN_INFINITE_RECURSION = YES;
				CLANG_WARN_INT_CONVERSION = YES;
				CLANG_WARN_NON_LITERAL_NULL_CONVERSION = YES;
				CLANG_WARN_OBJC_IMPLICIT_RETAIN_SELF = YES;
				CLANG_WARN_OBJC_LITERAL_CONVERSION = YES;
				CLANG_WARN_OBJC_ROOT_CLASS = YES_ERROR;
				CLANG_WARN_QUOTED_INCLUDE_IN_FRAMEWORK_HEADER = YES;
				CLANG_WARN_RANGE_LOOP_ANALYSIS = YES;
				CLANG_WARN_STRICT_PROTOTYPES = YES;
				CLANG_WARN_SUSPICIOUS_MOVE = YES;
				CLANG_WARN_UNGUARDED_AVAILABILITY = YES_AGGRESSIVE;
				CLANG_WARN_UNREACHABLE_CODE = YES;
				CLANG_WARN__DUPLICATE_METHOD_MATCH = YES;
				COPY_PHASE_STRIP = NO;
				DEBUG_INFORMATION_FORMAT = dwarf;
				ENABLE_STRICT_OBJC_MSGSEND = YES;
				ENABLE_TESTABILITY = YES;
				GCC_C_LANGUAGE_STANDARD = gnu17;
				GCC_DYNAMIC_NO_PIC = NO;
				GCC_NO_COMMON_BLOCKS = YES;
				GCC_OPTIMIZATION_LEVEL = 0;
				GCC_PREPROCESSOR_DEFINITIONS = (
					"DEBUG=1",
					"$(inherited)",
				);
				GCC_WARN_64_TO_32_BIT_CONVERSION = YES;
				GCC_WARN_ABOUT_RETURN_TYPE = YES_ERROR;
				GCC_WARN_UNDECLARED_SELECTOR = YES;
				GCC_WARN_UNINITIALIZED_AUTOS = YES_AGGRESSIVE;
				GCC_WARN_UNUSED_FUNCTION = YES;
				GCC_WARN_UNUSED_VARIABLE = YES;
				LOCALIZATION_PREFERS_STRING_CATALOGS = YES;
				MTL_ENABLE_DEBUG_INFO = INCLUDE_SOURCE;
				MTL_FAST_MATH = YES;
				ONLY_ACTIVE_ARCH = YES;
				SDKROOT = iphoneos;
				SWIFT_ACTIVE_COMPILATION_CONDITIONS = "DEBUG $(inherited)";
				SWIFT_OPTIMIZATION_LEVEL = "-Onone";
			};
			name = Debug;
		};
		895394AA2BD52F5900C522C7 /* Debug */ = {
			isa = XCBuildConfiguration;
			buildSettings = {
				ASSETCATALOG_COMPILER_GLOBAL_ACCENT_COLOR_NAME = AccentColor;
				CODE_SIGN_STYLE = Automatic;
				DEVELOPMENT_ASSET_PATHS = "\"StarWarsApp/Preview Content\"";
				DEVELOPMENT_TEAM = V59VWC5YAM;
				ENABLE_PREVIEWS = YES;
				GENERATE_INFOPLIST_FILE = YES;
				INFOPLIST_FILE = StarWarsApp/Info.plist;
				INFOPLIST_KEY_UIApplicationSceneManifest_Generation = YES;
				INFOPLIST_KEY_UIApplicationSupportsIndirectInputEvents = YES;
				INFOPLIST_KEY_UILaunchScreen_Generation = YES;
				INFOPLIST_KEY_UISupportedInterfaceOrientations_iPad = "UIInterfaceOrientationPortrait UIInterfaceOrientationPortraitUpsideDown UIInterfaceOrientationLandscapeLeft UIInterfaceOrientationLandscapeRight";
				INFOPLIST_KEY_UISupportedInterfaceOrientations_iPhone = "UIInterfaceOrientationPortrait UIInterfaceOrientationLandscapeLeft UIInterfaceOrientationLandscapeRight";
				LD_RUNPATH_SEARCH_PATHS = (
					"$(inherited)",
					"@executable_path/Frameworks",
				);
				SWIFT_EMIT_LOC_STRINGS = YES;
				SWIFT_VERSION = 5.0;
				TARGETED_DEVICE_FAMILY = "1,2";
			};
			name = Debug;
		};
		895394AB2BD52F5900C522C7 /* Debug */ = {
			isa = XCBuildConfiguration;
			buildSettings = {
				ALWAYS_EMBED_SWIFT_STANDARD_LIBRARIES = YES;
				BUNDLE_LOADER = "$(TEST_HOST)";
				CODE_SIGN_STYLE = Automatic;
				CURRENT_PROJECT_VERSION = 1;
				DEVELOPMENT_TEAM = V59VWC5YAM;
				GENERATE_INFOPLIST_FILE = YES;
				IPHONEOS_DEPLOYMENT_TARGET = 16.0;
				MARKETING_VERSION = 1.0;
				PRODUCT_BUNDLE_IDENTIFIER = io.deitsch.StarWarsAppTests;
				PRODUCT_NAME = "$(TARGET_NAME)";
				SWIFT_EMIT_LOC_STRINGS = NO;
				SWIFT_VERSION = 5.0;
				TARGETED_DEVICE_FAMILY = "1,2";
				TEST_HOST = "$(BUILT_PRODUCTS_DIR)/StarWarsApp.app/$(BUNDLE_EXECUTABLE_FOLDER_PATH)/StarWarsApp";
			};
			name = Debug;
		};
		895394AC2BD52F5900C522C7 /* Debug */ = {
			isa = XCBuildConfiguration;
			buildSettings = {
				ALWAYS_EMBED_SWIFT_STANDARD_LIBRARIES = YES;
				CODE_SIGN_STYLE = Automatic;
				CURRENT_PROJECT_VERSION = 1;
				DEVELOPMENT_TEAM = V59VWC5YAM;
				GENERATE_INFOPLIST_FILE = YES;
				MARKETING_VERSION = 1.0;
				PRODUCT_BUNDLE_IDENTIFIER = io.deitsch.StarWarsAppUITests;
				PRODUCT_NAME = "$(TARGET_NAME)";
				SWIFT_EMIT_LOC_STRINGS = NO;
				SWIFT_VERSION = 5.0;
				TARGETED_DEVICE_FAMILY = "1,2";
				TEST_TARGET_NAME = StarWarsApp;
			};
			name = Debug;
		};
		895394AD2BD52F5F00C522C7 /* Release */ = {
			isa = XCBuildConfiguration;
			baseConfigurationReference = 895394A82BD52C5500C522C7 /* Prod.xcconfig */;
			buildSettings = {
				ALWAYS_SEARCH_USER_PATHS = NO;
				ASSETCATALOG_COMPILER_GENERATE_SWIFT_ASSET_SYMBOL_EXTENSIONS = YES;
				CLANG_ANALYZER_NONNULL = YES;
				CLANG_ANALYZER_NUMBER_OBJECT_CONVERSION = YES_AGGRESSIVE;
				CLANG_CXX_LANGUAGE_STANDARD = "gnu++20";
				CLANG_ENABLE_MODULES = YES;
				CLANG_ENABLE_OBJC_ARC = YES;
				CLANG_ENABLE_OBJC_WEAK = YES;
				CLANG_WARN_BLOCK_CAPTURE_AUTORELEASING = YES;
				CLANG_WARN_BOOL_CONVERSION = YES;
				CLANG_WARN_COMMA = YES;
				CLANG_WARN_CONSTANT_CONVERSION = YES;
				CLANG_WARN_DEPRECATED_OBJC_IMPLEMENTATIONS = YES;
				CLANG_WARN_DIRECT_OBJC_ISA_USAGE = YES_ERROR;
				CLANG_WARN_DOCUMENTATION_COMMENTS = YES;
				CLANG_WARN_EMPTY_BODY = YES;
				CLANG_WARN_ENUM_CONVERSION = YES;
				CLANG_WARN_INFINITE_RECURSION = YES;
				CLANG_WARN_INT_CONVERSION = YES;
				CLANG_WARN_NON_LITERAL_NULL_CONVERSION = YES;
				CLANG_WARN_OBJC_IMPLICIT_RETAIN_SELF = YES;
				CLANG_WARN_OBJC_LITERAL_CONVERSION = YES;
				CLANG_WARN_OBJC_ROOT_CLASS = YES_ERROR;
				CLANG_WARN_QUOTED_INCLUDE_IN_FRAMEWORK_HEADER = YES;
				CLANG_WARN_RANGE_LOOP_ANALYSIS = YES;
				CLANG_WARN_STRICT_PROTOTYPES = YES;
				CLANG_WARN_SUSPICIOUS_MOVE = YES;
				CLANG_WARN_UNGUARDED_AVAILABILITY = YES_AGGRESSIVE;
				CLANG_WARN_UNREACHABLE_CODE = YES;
				CLANG_WARN__DUPLICATE_METHOD_MATCH = YES;
				COPY_PHASE_STRIP = NO;
				DEBUG_INFORMATION_FORMAT = "dwarf-with-dsym";
				ENABLE_NS_ASSERTIONS = NO;
				ENABLE_STRICT_OBJC_MSGSEND = YES;
				GCC_C_LANGUAGE_STANDARD = gnu17;
				GCC_NO_COMMON_BLOCKS = YES;
				GCC_WARN_64_TO_32_BIT_CONVERSION = YES;
				GCC_WARN_ABOUT_RETURN_TYPE = YES_ERROR;
				GCC_WARN_UNDECLARED_SELECTOR = YES;
				GCC_WARN_UNINITIALIZED_AUTOS = YES_AGGRESSIVE;
				GCC_WARN_UNUSED_FUNCTION = YES;
				GCC_WARN_UNUSED_VARIABLE = YES;
				LOCALIZATION_PREFERS_STRING_CATALOGS = YES;
				MTL_ENABLE_DEBUG_INFO = NO;
				MTL_FAST_MATH = YES;
				SDKROOT = iphoneos;
				SWIFT_COMPILATION_MODE = wholemodule;
				VALIDATE_PRODUCT = YES;
			};
			name = Release;
		};
		895394AE2BD52F5F00C522C7 /* Release */ = {
			isa = XCBuildConfiguration;
			buildSettings = {
				ASSETCATALOG_COMPILER_GLOBAL_ACCENT_COLOR_NAME = AccentColor;
				CODE_SIGN_STYLE = Automatic;
				DEVELOPMENT_ASSET_PATHS = "\"StarWarsApp/Preview Content\"";
				DEVELOPMENT_TEAM = V59VWC5YAM;
				ENABLE_PREVIEWS = YES;
				GENERATE_INFOPLIST_FILE = YES;
				INFOPLIST_FILE = StarWarsApp/Info.plist;
				INFOPLIST_KEY_UIApplicationSceneManifest_Generation = YES;
				INFOPLIST_KEY_UIApplicationSupportsIndirectInputEvents = YES;
				INFOPLIST_KEY_UILaunchScreen_Generation = YES;
				INFOPLIST_KEY_UISupportedInterfaceOrientations_iPad = "UIInterfaceOrientationPortrait UIInterfaceOrientationPortraitUpsideDown UIInterfaceOrientationLandscapeLeft UIInterfaceOrientationLandscapeRight";
				INFOPLIST_KEY_UISupportedInterfaceOrientations_iPhone = "UIInterfaceOrientationPortrait UIInterfaceOrientationLandscapeLeft UIInterfaceOrientationLandscapeRight";
				LD_RUNPATH_SEARCH_PATHS = (
					"$(inherited)",
					"@executable_path/Frameworks",
				);
				SWIFT_EMIT_LOC_STRINGS = YES;
				SWIFT_VERSION = 5.0;
				TARGETED_DEVICE_FAMILY = "1,2";
			};
			name = Release;
		};
		895394AF2BD52F5F00C522C7 /* Release */ = {
			isa = XCBuildConfiguration;
			buildSettings = {
				ALWAYS_EMBED_SWIFT_STANDARD_LIBRARIES = YES;
				BUNDLE_LOADER = "$(TEST_HOST)";
				CODE_SIGN_STYLE = Automatic;
				CURRENT_PROJECT_VERSION = 1;
				DEVELOPMENT_TEAM = V59VWC5YAM;
				GENERATE_INFOPLIST_FILE = YES;
				IPHONEOS_DEPLOYMENT_TARGET = 16.0;
				MARKETING_VERSION = 1.0;
				PRODUCT_BUNDLE_IDENTIFIER = io.deitsch.StarWarsAppTests;
				PRODUCT_NAME = "$(TARGET_NAME)";
				SWIFT_EMIT_LOC_STRINGS = NO;
				SWIFT_VERSION = 5.0;
				TARGETED_DEVICE_FAMILY = "1,2";
				TEST_HOST = "$(BUILT_PRODUCTS_DIR)/StarWarsApp.app/$(BUNDLE_EXECUTABLE_FOLDER_PATH)/StarWarsApp";
			};
			name = Release;
		};
		895394B02BD52F5F00C522C7 /* Release */ = {
			isa = XCBuildConfiguration;
			buildSettings = {
				ALWAYS_EMBED_SWIFT_STANDARD_LIBRARIES = YES;
				CODE_SIGN_STYLE = Automatic;
				CURRENT_PROJECT_VERSION = 1;
				DEVELOPMENT_TEAM = V59VWC5YAM;
				GENERATE_INFOPLIST_FILE = YES;
				MARKETING_VERSION = 1.0;
				PRODUCT_BUNDLE_IDENTIFIER = io.deitsch.StarWarsAppUITests;
				PRODUCT_NAME = "$(TARGET_NAME)";
				SWIFT_EMIT_LOC_STRINGS = NO;
				SWIFT_VERSION = 5.0;
				TARGETED_DEVICE_FAMILY = "1,2";
				TEST_TARGET_NAME = StarWarsApp;
			};
			name = Release;
		};
/* End XCBuildConfiguration section */

/* Begin XCConfigurationList section */
		8953946E2BD52BE400C522C7 /* Build configuration list for PBXProject "StarWarsApp" */ = {
			isa = XCConfigurationList;
			buildConfigurations = (
				8953949A2BD52BE500C522C7 /* Debug Dev */,
				895394A92BD52F5900C522C7 /* Debug */,
				8953949B2BD52BE500C522C7 /* Release Dev */,
				895394AD2BD52F5F00C522C7 /* Release */,
			);
			defaultConfigurationIsVisible = 0;
			defaultConfigurationName = "Release Dev";
		};
		8953949C2BD52BE500C522C7 /* Build configuration list for PBXNativeTarget "StarWarsApp" */ = {
			isa = XCConfigurationList;
			buildConfigurations = (
				8953949D2BD52BE500C522C7 /* Debug Dev */,
				895394AA2BD52F5900C522C7 /* Debug */,
				8953949E2BD52BE500C522C7 /* Release Dev */,
				895394AE2BD52F5F00C522C7 /* Release */,
			);
			defaultConfigurationIsVisible = 0;
			defaultConfigurationName = "Release Dev";
		};
		8953949F2BD52BE500C522C7 /* Build configuration list for PBXNativeTarget "StarWarsAppTests" */ = {
			isa = XCConfigurationList;
			buildConfigurations = (
				895394A02BD52BE500C522C7 /* Debug Dev */,
				895394AB2BD52F5900C522C7 /* Debug */,
				895394A12BD52BE500C522C7 /* Release Dev */,
				895394AF2BD52F5F00C522C7 /* Release */,
			);
			defaultConfigurationIsVisible = 0;
			defaultConfigurationName = "Release Dev";
		};
		895394A22BD52BE500C522C7 /* Build configuration list for PBXNativeTarget "StarWarsAppUITests" */ = {
			isa = XCConfigurationList;
			buildConfigurations = (
				895394A32BD52BE500C522C7 /* Debug Dev */,
				895394AC2BD52F5900C522C7 /* Debug */,
				895394A42BD52BE500C522C7 /* Release Dev */,
				895394B02BD52F5F00C522C7 /* Release */,
			);
			defaultConfigurationIsVisible = 0;
			defaultConfigurationName = "Release Dev";
		};
/* End XCConfigurationList section */

/* Begin XCRemoteSwiftPackageReference section */
		895394B72BD5358D00C522C7 /* XCRemoteSwiftPackageReference "swift-log" */ = {
			isa = XCRemoteSwiftPackageReference;
			repositoryURL = "https://github.com/apple/swift-log.git";
			requirement = {
				kind = upToNextMajorVersion;
				minimumVersion = 1.5.4;
			};
		};
/* End XCRemoteSwiftPackageReference section */

/* Begin XCSwiftPackageProductDependency section */
		8917E7F02BD53766009594E4 /* Logging */ = {
			isa = XCSwiftPackageProductDependency;
			package = 895394B72BD5358D00C522C7 /* XCRemoteSwiftPackageReference "swift-log" */;
			productName = Logging;
		};
/* End XCSwiftPackageProductDependency section */

/* Begin XCVersionGroup section */
		895394812BD52BE500C522C7 /* StarWarsApp.xcdatamodeld */ = {
			isa = XCVersionGroup;
			children = (
				895394822BD52BE500C522C7 /* StarWarsApp.xcdatamodel */,
			);
			currentVersion = 895394822BD52BE500C522C7 /* StarWarsApp.xcdatamodel */;
			path = StarWarsApp.xcdatamodeld;
			sourceTree = "<group>";
			versionGroupType = wrapper.xcdatamodel;
		};
/* End XCVersionGroup section */
	};
	rootObject = 8953946B2BD52BE400C522C7 /* Project object */;
}
